
Microsoft Visual Studio Solution File, Format Version 12.00
# Visual Studio Version 17
VisualStudioVersion = 17.5.33424.131
MinimumVisualStudioVersion = 10.0.40219.1
Project("{FAE04EC0-301F-11D3-BF4B-00C04F79EFBC}") = "Project.ENTITIES", "Project.ENTITIES\Project.ENTITIES.csproj", "{E0A02779-BABD-45DD-8E4E-2EB98D1443D4}"
EndProject
Project("{FAE04EC0-301F-11D3-BF4B-00C04F79EFBC}") = "Project.BLL", "Project.BLL\Project.BLL.csproj", "{64043297-23FF-4FD4-B727-D6F03B15EEAD}"
EndProject
Project("{FAE04EC0-301F-11D3-BF4B-00C04F79EFBC}") = "Project.DAL", "Project.DAL\Project.DAL.csproj", "{35104C6A-AB69-4CB9-82F3-1DDCFC74CE87}"
EndProject
Project("{FAE04EC0-301F-11D3-BF4B-00C04F79EFBC}") = "Project.MAP", "Project.MAP\Project.MAP.csproj", "{AE23E7A6-3954-48D7-A3F3-9547FB539BF4}"
EndProject
Project("{FAE04EC0-301F-11D3-BF4B-00C04F79EFBC}") = "Project.WinUI", "Project.WinUI\Project.WinUI.csproj", "{B71716C4-06B9-42F7-95C0-1A107B766AAD}"
EndProject
Global
	GlobalSection(SolutionConfigurationPlatforms) = preSolution
		Debug|Any CPU = Debug|Any CPU
		Release|Any CPU = Release|Any CPU
	EndGlobalSection
	GlobalSection(ProjectConfigurationPlatforms) = postSolution
		{E0A02779-BABD-45DD-8E4E-2EB98D1443D4}.Debug|Any CPU.ActiveCfg = Debug|Any CPU
		{E0A02779-BABD-45DD-8E4E-2EB98D1443D4}.Debug|Any CPU.Build.0 = Debug|Any CPU
		{E0A02779-BABD-45DD-8E4E-2EB98D1443D4}.Release|Any CPU.ActiveCfg = Release|Any CPU
		{E0A02779-BABD-45DD-8E4E-2EB98D1443D4}.Release|Any CPU.Build.0 = Release|Any CPU
		{64043297-23FF-4FD4-B727-D6F03B15EEAD}.Debug|Any CPU.ActiveCfg = Debug|Any CPU
		{64043297-23FF-4FD4-B727-D6F03B15EEAD}.Debug|Any CPU.Build.0 = Debug|Any CPU
		{64043297-23FF-4FD4-B727-D6F03B15EEAD}.Release|Any CPU.ActiveCfg = Release|Any CPU
		{64043297-23FF-4FD4-B727-D6F03B15EEAD}.Release|Any CPU.Build.0 = Release|Any CPU
		{35104C6A-AB69-4CB9-82F3-1DDCFC74CE87}.Debug|Any CPU.ActiveCfg = Debug|Any CPU
		{35104C6A-AB69-4CB9-82F3-1DDCFC74CE87}.Debug|Any CPU.Build.0 = Debug|Any CPU
		{35104C6A-AB69-4CB9-82F3-1DDCFC74CE87}.Release|Any CPU.ActiveCfg = Release|Any CPU
		{35104C6A-AB69-4CB9-82F3-1DDCFC74CE87}.Release|Any CPU.Build.0 = Release|Any CPU
		{AE23E7A6-3954-48D7-A3F3-9547FB539BF4}.Debug|Any CPU.ActiveCfg = Debug|Any CPU
		{AE23E7A6-3954-48D7-A3F3-9547FB539BF4}.Debug|Any CPU.Build.0 = Debug|Any CPU
		{AE23E7A6-3954-48D7-A3F3-9547FB539BF4}.Release|Any CPU.ActiveCfg = Release|Any CPU
		{AE23E7A6-3954-48D7-A3F3-9547FB539BF4}.Release|Any CPU.Build.0 = Release|Any CPU
		{B71716C4-06B9-42F7-95C0-1A107B766AAD}.Debug|Any CPU.ActiveCfg = Debug|Any CPU
		{B71716C4-06B9-42F7-95C0-1A107B766AAD}.Debug|Any CPU.Build.0 = Debug|Any CPU
		{B71716C4-06B9-42F7-95C0-1A107B766AAD}.Release|Any CPU.ActiveCfg = Release|Any CPU
		{B71716C4-06B9-42F7-95C0-1A107B766AAD}.Release|Any CPU.Build.0 = Release|Any CPU
	EndGlobalSection
	GlobalSection(SolutionProperties) = preSolution
		HideSolutionNode = FALSE
	EndGlobalSection
	GlobalSection(ExtensibilityGlobals) = postSolution
		SolutionGuid = {FE32FDE2-ACA8-47DC-A175-D3AC79FFC7F8}
	EndGlobalSection
EndGlobal
